
Microsoft Visual Studio Solution File, Format Version 12.00
# Visual Studio Version 17
VisualStudioVersion = 17.14.36202.13 d17.14
MinimumVisualStudioVersion = 10.0.40219.1
Project("{FAE04EC0-301F-11D3-BF4B-00C04F79EFBC}") = "FindGenderAPI", "FindGenderAPI\FindGenderAPI.csproj", "{9F597761-BA04-4E29-B6E2-054A86EAFD58}"
EndProject
Global
	GlobalSection(SolutionConfigurationPlatforms) = preSolution
		Debug|Any CPU = Debug|Any CPU
		Release|Any CPU = Release|Any CPU
	EndGlobalSection
	GlobalSection(ProjectConfigurationPlatforms) = postSolution
		{9F597761-BA04-4E29-B6E2-054A86EAFD58}.Debug|Any CPU.ActiveCfg = Debug|Any CPU
		{9F597761-BA04-4E29-B6E2-054A86EAFD58}.Debug|Any CPU.Build.0 = Debug|Any CPU
		{9F597761-BA04-4E29-B6E2-054A86EAFD58}.Release|Any CPU.ActiveCfg = Release|Any CPU
		{9F597761-BA04-4E29-B6E2-054A86EAFD58}.Release|Any CPU.Build.0 = Release|Any CPU
	EndGlobalSection
	GlobalSection(SolutionProperties) = preSolution
		HideSolutionNode = FALSE
	EndGlobalSection
	GlobalSection(ExtensibilityGlobals) = postSolution
		SolutionGuid = {1951FCFE-63EF-4969-8B84-E9AA3F32CA7B}
	EndGlobalSection
EndGlobal
